
Microsoft Visual Studio Solution File, Format Version 12.00
# Visual Studio Version 17
VisualStudioVersion = 17.4.33103.184
MinimumVisualStudioVersion = 10.0.40219.1
Project("{FAE04EC0-301F-11D3-BF4B-00C04F79EFBC}") = "Aplikacja-LINQ", "Aplikacja-LINQ\Aplikacja-LINQ.csproj", "{FAF9273A-5A27-42E6-9876-8EA1DB175C97}"
EndProject
Global
	GlobalSection(SolutionConfigurationPlatforms) = preSolution
		Debug|Any CPU = Debug|Any CPU
		Release|Any CPU = Release|Any CPU
	EndGlobalSection
	GlobalSection(ProjectConfigurationPlatforms) = postSolution
		{FAF9273A-5A27-42E6-9876-8EA1DB175C97}.Debug|Any CPU.ActiveCfg = Debug|Any CPU
		{FAF9273A-5A27-42E6-9876-8EA1DB175C97}.Debug|Any CPU.Build.0 = Debug|Any CPU
		{FAF9273A-5A27-42E6-9876-8EA1DB175C97}.Release|Any CPU.ActiveCfg = Release|Any CPU
		{FAF9273A-5A27-42E6-9876-8EA1DB175C97}.Release|Any CPU.Build.0 = Release|Any CPU
	EndGlobalSection
	GlobalSection(SolutionProperties) = preSolution
		HideSolutionNode = FALSE
	EndGlobalSection
	GlobalSection(ExtensibilityGlobals) = postSolution
		SolutionGuid = {9CA835A0-32BD-42D0-992F-DE218F4B1A5C}
	EndGlobalSection
EndGlobal
